
Microsoft Visual Studio Solution File, Format Version 12.00
# Visual Studio Version 17
VisualStudioVersion = 17.14.36705.20
MinimumVisualStudioVersion = 10.0.40219.1
Project("{FAE04EC0-301F-11D3-BF4B-00C04F79EFBC}") = "trabalhoPOO", "trabalhoPOO.csproj", "{2D44473F-9260-49BC-AFA7-D1EDE5D76A50}"
EndProject
Project("{FAE04EC0-301F-11D3-BF4B-00C04F79EFBC}") = "POO Tests", "..\POO Tests\POO Tests.csproj", "{29576ED6-3210-423C-B4F0-C01F63717CA7}"
EndProject
Global
	GlobalSection(SolutionConfigurationPlatforms) = preSolution
		Debug|Any CPU = Debug|Any CPU
		Release|Any CPU = Release|Any CPU
	EndGlobalSection
	GlobalSection(ProjectConfigurationPlatforms) = postSolution
		{2D44473F-9260-49BC-AFA7-D1EDE5D76A50}.Debug|Any CPU.ActiveCfg = Debug|Any CPU
		{2D44473F-9260-49BC-AFA7-D1EDE5D76A50}.Debug|Any CPU.Build.0 = Debug|Any CPU
		{2D44473F-9260-49BC-AFA7-D1EDE5D76A50}.Release|Any CPU.ActiveCfg = Release|Any CPU
		{2D44473F-9260-49BC-AFA7-D1EDE5D76A50}.Release|Any CPU.Build.0 = Release|Any CPU
		{29576ED6-3210-423C-B4F0-C01F63717CA7}.Debug|Any CPU.ActiveCfg = Debug|Any CPU
		{29576ED6-3210-423C-B4F0-C01F63717CA7}.Debug|Any CPU.Build.0 = Debug|Any CPU
		{29576ED6-3210-423C-B4F0-C01F63717CA7}.Release|Any CPU.ActiveCfg = Release|Any CPU
		{29576ED6-3210-423C-B4F0-C01F63717CA7}.Release|Any CPU.Build.0 = Release|Any CPU
	EndGlobalSection
	GlobalSection(SolutionProperties) = preSolution
		HideSolutionNode = FALSE
	EndGlobalSection
	GlobalSection(ExtensibilityGlobals) = postSolution
		SolutionGuid = {F9AAD163-FB33-4640-88E2-C8217CD64B36}
	EndGlobalSection
EndGlobal
